
Microsoft Visual Studio Solution File, Format Version 12.00
# Visual Studio 15
VisualStudioVersion = 15.0.28307.1022
MinimumVisualStudioVersion = 10.0.40219.1
Project("{B1E792BE-AA5F-4E3C-8C82-674BF9C0715B}") = "KVM_Beckhoff", "KVM_Beckhoff\KVM_Beckhoff.tsproj", "{5B91D8DD-5FED-47BF-93E0-69A7DAE01086}"
EndProject
Project("{FD9F1D59-E000-42F3-8744-88DE1BE93C06}") = "TMP", "TMP\TMP.tcmproj", "{B1D08704-A372-49C3-AF58-B4CE2761DD83}"
EndProject
Global
	GlobalSection(SolutionConfigurationPlatforms) = preSolution
		Debug|TwinCAT CE7 (ARMV7) = Debug|TwinCAT CE7 (ARMV7)
		Debug|TwinCAT OS (ARMT2) = Debug|TwinCAT OS (ARMT2)
		Debug|TwinCAT OS (x64) = Debug|TwinCAT OS (x64)
		Debug|TwinCAT RT (x64) = Debug|TwinCAT RT (x64)
		Debug|TwinCAT RT (x86) = Debug|TwinCAT RT (x86)
		Release|TwinCAT CE7 (ARMV7) = Release|TwinCAT CE7 (ARMV7)
		Release|TwinCAT OS (ARMT2) = Release|TwinCAT OS (ARMT2)
		Release|TwinCAT OS (x64) = Release|TwinCAT OS (x64)
		Release|TwinCAT RT (x64) = Release|TwinCAT RT (x64)
		Release|TwinCAT RT (x86) = Release|TwinCAT RT (x86)
	EndGlobalSection
	GlobalSection(ProjectConfigurationPlatforms) = postSolution
		{5B91D8DD-5FED-47BF-93E0-69A7DAE01086}.Debug|TwinCAT CE7 (ARMV7).ActiveCfg = Debug|TwinCAT CE7 (ARMV7)
		{5B91D8DD-5FED-47BF-93E0-69A7DAE01086}.Debug|TwinCAT CE7 (ARMV7).Build.0 = Debug|TwinCAT CE7 (ARMV7)
		{5B91D8DD-5FED-47BF-93E0-69A7DAE01086}.Debug|TwinCAT OS (ARMT2).ActiveCfg = Debug|TwinCAT OS (ARMT2)
		{5B91D8DD-5FED-47BF-93E0-69A7DAE01086}.Debug|TwinCAT OS (ARMT2).Build.0 = Debug|TwinCAT OS (ARMT2)
		{5B91D8DD-5FED-47BF-93E0-69A7DAE01086}.Debug|TwinCAT OS (x64).ActiveCfg = Debug|TwinCAT OS (ARMT2)
		{5B91D8DD-5FED-47BF-93E0-69A7DAE01086}.Debug|TwinCAT RT (x64).ActiveCfg = Debug|TwinCAT RT (x64)
		{5B91D8DD-5FED-47BF-93E0-69A7DAE01086}.Debug|TwinCAT RT (x64).Build.0 = Debug|TwinCAT RT (x64)
		{5B91D8DD-5FED-47BF-93E0-69A7DAE01086}.Debug|TwinCAT RT (x86).ActiveCfg = Debug|TwinCAT RT (x86)
		{5B91D8DD-5FED-47BF-93E0-69A7DAE01086}.Debug|TwinCAT RT (x86).Build.0 = Debug|TwinCAT RT (x86)
		{5B91D8DD-5FED-47BF-93E0-69A7DAE01086}.Release|TwinCAT CE7 (ARMV7).ActiveCfg = Release|TwinCAT CE7 (ARMV7)
		{5B91D8DD-5FED-47BF-93E0-69A7DAE01086}.Release|TwinCAT CE7 (ARMV7).Build.0 = Release|TwinCAT CE7 (ARMV7)
		{5B91D8DD-5FED-47BF-93E0-69A7DAE01086}.Release|TwinCAT OS (ARMT2).ActiveCfg = Release|TwinCAT OS (ARMT2)
		{5B91D8DD-5FED-47BF-93E0-69A7DAE01086}.Release|TwinCAT OS (ARMT2).Build.0 = Release|TwinCAT OS (ARMT2)
		{5B91D8DD-5FED-47BF-93E0-69A7DAE01086}.Release|TwinCAT OS (x64).ActiveCfg = Release|TwinCAT OS (ARMT2)
		{5B91D8DD-5FED-47BF-93E0-69A7DAE01086}.Release|TwinCAT RT (x64).ActiveCfg = Release|TwinCAT RT (x64)
		{5B91D8DD-5FED-47BF-93E0-69A7DAE01086}.Release|TwinCAT RT (x64).Build.0 = Release|TwinCAT RT (x64)
		{5B91D8DD-5FED-47BF-93E0-69A7DAE01086}.Release|TwinCAT RT (x86).ActiveCfg = Release|TwinCAT RT (x86)
		{5B91D8DD-5FED-47BF-93E0-69A7DAE01086}.Release|TwinCAT RT (x86).Build.0 = Release|TwinCAT RT (x86)
		{B1D08704-A372-49C3-AF58-B4CE2761DD83}.Debug|TwinCAT CE7 (ARMV7).ActiveCfg = Debug|TwinCAT CE7 (ARMV7)
		{B1D08704-A372-49C3-AF58-B4CE2761DD83}.Debug|TwinCAT OS (ARMT2).ActiveCfg = Debug|TwinCAT OS (ARMT2)
		{B1D08704-A372-49C3-AF58-B4CE2761DD83}.Debug|TwinCAT OS (x64).ActiveCfg = Debug|TwinCAT OS (x64)
		{B1D08704-A372-49C3-AF58-B4CE2761DD83}.Debug|TwinCAT RT (x64).ActiveCfg = Debug|TwinCAT RT (x64)
		{B1D08704-A372-49C3-AF58-B4CE2761DD83}.Debug|TwinCAT RT (x86).ActiveCfg = Debug|TwinCAT RT (x86)
		{B1D08704-A372-49C3-AF58-B4CE2761DD83}.Release|TwinCAT CE7 (ARMV7).ActiveCfg = Release|TwinCAT CE7 (ARMV7)
		{B1D08704-A372-49C3-AF58-B4CE2761DD83}.Release|TwinCAT OS (ARMT2).ActiveCfg = Release|TwinCAT OS (ARMT2)
		{B1D08704-A372-49C3-AF58-B4CE2761DD83}.Release|TwinCAT OS (x64).ActiveCfg = Release|TwinCAT OS (x64)
		{B1D08704-A372-49C3-AF58-B4CE2761DD83}.Release|TwinCAT RT (x64).ActiveCfg = Release|TwinCAT RT (x64)
		{B1D08704-A372-49C3-AF58-B4CE2761DD83}.Release|TwinCAT RT (x86).ActiveCfg = Release|TwinCAT RT (x86)
		{1401A6D1-72A5-44A5-ABBA-07BB5B6C1E62}.Debug|TwinCAT CE7 (ARMV7).ActiveCfg = Debug|TwinCAT CE7 (ARMV7)
		{1401A6D1-72A5-44A5-ABBA-07BB5B6C1E62}.Debug|TwinCAT CE7 (ARMV7).Build.0 = Debug|TwinCAT CE7 (ARMV7)
		{1401A6D1-72A5-44A5-ABBA-07BB5B6C1E62}.Debug|TwinCAT OS (ARMT2).ActiveCfg = Debug|TwinCAT OS (ARMT2)
		{1401A6D1-72A5-44A5-ABBA-07BB5B6C1E62}.Debug|TwinCAT OS (ARMT2).Build.0 = Debug|TwinCAT OS (ARMT2)
		{1401A6D1-72A5-44A5-ABBA-07BB5B6C1E62}.Debug|TwinCAT OS (x64).ActiveCfg = Debug|TwinCAT OS (ARMT2)
		{1401A6D1-72A5-44A5-ABBA-07BB5B6C1E62}.Debug|TwinCAT RT (x64).ActiveCfg = Debug|TwinCAT RT (x64)
		{1401A6D1-72A5-44A5-ABBA-07BB5B6C1E62}.Debug|TwinCAT RT (x64).Build.0 = Debug|TwinCAT RT (x64)
		{1401A6D1-72A5-44A5-ABBA-07BB5B6C1E62}.Debug|TwinCAT RT (x86).ActiveCfg = Debug|TwinCAT RT (x86)
		{1401A6D1-72A5-44A5-ABBA-07BB5B6C1E62}.Debug|TwinCAT RT (x86).Build.0 = Debug|TwinCAT RT (x86)
		{1401A6D1-72A5-44A5-ABBA-07BB5B6C1E62}.Release|TwinCAT CE7 (ARMV7).ActiveCfg = Release|TwinCAT CE7 (ARMV7)
		{1401A6D1-72A5-44A5-ABBA-07BB5B6C1E62}.Release|TwinCAT CE7 (ARMV7).Build.0 = Release|TwinCAT CE7 (ARMV7)
		{1401A6D1-72A5-44A5-ABBA-07BB5B6C1E62}.Release|TwinCAT OS (ARMT2).ActiveCfg = Release|TwinCAT OS (ARMT2)
		{1401A6D1-72A5-44A5-ABBA-07BB5B6C1E62}.Release|TwinCAT OS (ARMT2).Build.0 = Release|TwinCAT OS (ARMT2)
		{1401A6D1-72A5-44A5-ABBA-07BB5B6C1E62}.Release|TwinCAT OS (x64).ActiveCfg = Release|TwinCAT OS (ARMT2)
		{1401A6D1-72A5-44A5-ABBA-07BB5B6C1E62}.Release|TwinCAT RT (x64).ActiveCfg = Release|TwinCAT RT (x64)
		{1401A6D1-72A5-44A5-ABBA-07BB5B6C1E62}.Release|TwinCAT RT (x64).Build.0 = Release|TwinCAT RT (x64)
		{1401A6D1-72A5-44A5-ABBA-07BB5B6C1E62}.Release|TwinCAT RT (x86).ActiveCfg = Release|TwinCAT RT (x86)
		{1401A6D1-72A5-44A5-ABBA-07BB5B6C1E62}.Release|TwinCAT RT (x86).Build.0 = Release|TwinCAT RT (x86)
	EndGlobalSection
	GlobalSection(SolutionProperties) = preSolution
		HideSolutionNode = FALSE
	EndGlobalSection
	GlobalSection(ExtensibilityGlobals) = postSolution
		SolutionGuid = {9BFE4F37-BF8F-430D-A7F1-0374EEBC480C}
	EndGlobalSection
EndGlobal
